
Microsoft Visual Studio Solution File, Format Version 12.00
# Visual Studio Version 16
VisualStudioVersion = 16.0.30011.22
MinimumVisualStudioVersion = 10.0.40219.1
Project("{FAE04EC0-301F-11D3-BF4B-00C04F79EFBC}") = "Lesson1Task2", "Lesson1Task2\Lesson1Task2.csproj", "{956F82DD-6763-4176-A940-277590B56D4F}"
EndProject
Global
	GlobalSection(SolutionConfigurationPlatforms) = preSolution
		Debug|Any CPU = Debug|Any CPU
		Release|Any CPU = Release|Any CPU
	EndGlobalSection
	GlobalSection(ProjectConfigurationPlatforms) = postSolution
		{956F82DD-6763-4176-A940-277590B56D4F}.Debug|Any CPU.ActiveCfg = Debug|Any CPU
		{956F82DD-6763-4176-A940-277590B56D4F}.Debug|Any CPU.Build.0 = Debug|Any CPU
		{956F82DD-6763-4176-A940-277590B56D4F}.Release|Any CPU.ActiveCfg = Release|Any CPU
		{956F82DD-6763-4176-A940-277590B56D4F}.Release|Any CPU.Build.0 = Release|Any CPU
	EndGlobalSection
	GlobalSection(SolutionProperties) = preSolution
		HideSolutionNode = FALSE
	EndGlobalSection
	GlobalSection(ExtensibilityGlobals) = postSolution
		SolutionGuid = {1464A65D-326D-4D37-ACF0-784E3FFA13AA}
	EndGlobalSection
EndGlobal
